
Microsoft Visual Studio Solution File, Format Version 12.00
# Visual Studio Version 16
VisualStudioVersion = 16.0.29424.173
MinimumVisualStudioVersion = 10.0.40219.1
Project("{FAE04EC0-301F-11D3-BF4B-00C04F79EFBC}") = "HomeWork19.11.03", "HomeWork19.11.03\HomeWork19.11.03.csproj", "{2DBBFB2F-9794-45D6-BDC2-AA5DF57706D0}"
EndProject
Project("{FAE04EC0-301F-11D3-BF4B-00C04F79EFBC}") = "DataAccess", "DataAccess\DataAccess.csproj", "{5F6A0BE6-95C3-49FC-BA79-00A196079D5D}"
EndProject
Project("{FAE04EC0-301F-11D3-BF4B-00C04F79EFBC}") = "Models", "Models\Models.csproj", "{3A7C5221-2FE3-48AB-B4CD-39E68322C4A6}"
EndProject
Project("{FAE04EC0-301F-11D3-BF4B-00C04F79EFBC}") = "Services", "Services\Services.csproj", "{06F4AAC6-43AD-4764-B21C-6A4A115CD6BB}"
EndProject
Global
	GlobalSection(SolutionConfigurationPlatforms) = preSolution
		Debug|Any CPU = Debug|Any CPU
		Release|Any CPU = Release|Any CPU
	EndGlobalSection
	GlobalSection(ProjectConfigurationPlatforms) = postSolution
		{2DBBFB2F-9794-45D6-BDC2-AA5DF57706D0}.Debug|Any CPU.ActiveCfg = Debug|Any CPU
		{2DBBFB2F-9794-45D6-BDC2-AA5DF57706D0}.Debug|Any CPU.Build.0 = Debug|Any CPU
		{2DBBFB2F-9794-45D6-BDC2-AA5DF57706D0}.Release|Any CPU.ActiveCfg = Release|Any CPU
		{2DBBFB2F-9794-45D6-BDC2-AA5DF57706D0}.Release|Any CPU.Build.0 = Release|Any CPU
		{5F6A0BE6-95C3-49FC-BA79-00A196079D5D}.Debug|Any CPU.ActiveCfg = Debug|Any CPU
		{5F6A0BE6-95C3-49FC-BA79-00A196079D5D}.Debug|Any CPU.Build.0 = Debug|Any CPU
		{5F6A0BE6-95C3-49FC-BA79-00A196079D5D}.Release|Any CPU.ActiveCfg = Release|Any CPU
		{5F6A0BE6-95C3-49FC-BA79-00A196079D5D}.Release|Any CPU.Build.0 = Release|Any CPU
		{3A7C5221-2FE3-48AB-B4CD-39E68322C4A6}.Debug|Any CPU.ActiveCfg = Debug|Any CPU
		{3A7C5221-2FE3-48AB-B4CD-39E68322C4A6}.Debug|Any CPU.Build.0 = Debug|Any CPU
		{3A7C5221-2FE3-48AB-B4CD-39E68322C4A6}.Release|Any CPU.ActiveCfg = Release|Any CPU
		{3A7C5221-2FE3-48AB-B4CD-39E68322C4A6}.Release|Any CPU.Build.0 = Release|Any CPU
		{06F4AAC6-43AD-4764-B21C-6A4A115CD6BB}.Debug|Any CPU.ActiveCfg = Debug|Any CPU
		{06F4AAC6-43AD-4764-B21C-6A4A115CD6BB}.Debug|Any CPU.Build.0 = Debug|Any CPU
		{06F4AAC6-43AD-4764-B21C-6A4A115CD6BB}.Release|Any CPU.ActiveCfg = Release|Any CPU
		{06F4AAC6-43AD-4764-B21C-6A4A115CD6BB}.Release|Any CPU.Build.0 = Release|Any CPU
	EndGlobalSection
	GlobalSection(SolutionProperties) = preSolution
		HideSolutionNode = FALSE
	EndGlobalSection
	GlobalSection(ExtensibilityGlobals) = postSolution
		SolutionGuid = {017CADFC-AA14-43E1-BFEF-317C26BAD5BD}
	EndGlobalSection
EndGlobal
