
Microsoft Visual Studio Solution File, Format Version 12.00
# Visual Studio 15
VisualStudioVersion = 15.0.28307.902
MinimumVisualStudioVersion = 10.0.40219.1
Project("{FAE04EC0-301F-11D3-BF4B-00C04F79EFBC}") = "HomeWork19.11.03", "HomeWork19.11.03\HomeWork19.11.03.csproj", "{2DBBFB2F-9794-45D6-BDC2-AA5DF57706D0}"
EndProject
Global
	GlobalSection(SolutionConfigurationPlatforms) = preSolution
		Debug|Any CPU = Debug|Any CPU
		Release|Any CPU = Release|Any CPU
	EndGlobalSection
	GlobalSection(ProjectConfigurationPlatforms) = postSolution
		{2DBBFB2F-9794-45D6-BDC2-AA5DF57706D0}.Debug|Any CPU.ActiveCfg = Debug|Any CPU
		{2DBBFB2F-9794-45D6-BDC2-AA5DF57706D0}.Debug|Any CPU.Build.0 = Debug|Any CPU
		{2DBBFB2F-9794-45D6-BDC2-AA5DF57706D0}.Release|Any CPU.ActiveCfg = Release|Any CPU
		{2DBBFB2F-9794-45D6-BDC2-AA5DF57706D0}.Release|Any CPU.Build.0 = Release|Any CPU
	EndGlobalSection
	GlobalSection(SolutionProperties) = preSolution
		HideSolutionNode = FALSE
	EndGlobalSection
	GlobalSection(ExtensibilityGlobals) = postSolution
		SolutionGuid = {017CADFC-AA14-43E1-BFEF-317C26BAD5BD}
	EndGlobalSection
EndGlobal
